
Microsoft Visual Studio Solution File, Format Version 12.00
# Visual Studio Version 17
VisualStudioVersion = 17.2.32616.157
MinimumVisualStudioVersion = 10.0.40219.1
Project("{FAE04EC0-301F-11D3-BF4B-00C04F79EFBC}") = "sqlwebapp", "sqlwebapp\sqlwebapp.csproj", "{D283D024-57B3-4ED6-B4AD-603970D4895F}"
EndProject
Global
	GlobalSection(SolutionConfigurationPlatforms) = preSolution
		Debug|Any CPU = Debug|Any CPU
		Release|Any CPU = Release|Any CPU
	EndGlobalSection
	GlobalSection(ProjectConfigurationPlatforms) = postSolution
		{D283D024-57B3-4ED6-B4AD-603970D4895F}.Debug|Any CPU.ActiveCfg = Debug|Any CPU
		{D283D024-57B3-4ED6-B4AD-603970D4895F}.Debug|Any CPU.Build.0 = Debug|Any CPU
		{D283D024-57B3-4ED6-B4AD-603970D4895F}.Release|Any CPU.ActiveCfg = Release|Any CPU
		{D283D024-57B3-4ED6-B4AD-603970D4895F}.Release|Any CPU.Build.0 = Release|Any CPU
	EndGlobalSection
	GlobalSection(SolutionProperties) = preSolution
		HideSolutionNode = FALSE
	EndGlobalSection
	GlobalSection(ExtensibilityGlobals) = postSolution
		SolutionGuid = {ED49041D-7D74-4AEA-8DC1-04AE1B9EA09F}
	EndGlobalSection
EndGlobal
